
Microsoft Visual Studio Solution File, Format Version 12.00
# Visual Studio Version 16
VisualStudioVersion = 16.0.30128.74
MinimumVisualStudioVersion = 10.0.40219.1
Project("{FAE04EC0-301F-11D3-BF4B-00C04F79EFBC}") = "SeatQ", "SeatQ\SeatQ.csproj", "{00A938DA-AF7D-4649-92AC-E089085C0C6D}"
EndProject
Project("{FAE04EC0-301F-11D3-BF4B-00C04F79EFBC}") = "SeatQ.core.dal", "SeatQ.core.dal\SeatQ.core.dal.csproj", "{E7DE306E-74FD-4F3F-ABEA-60A122E53791}"
EndProject
Project("{FAE04EC0-301F-11D3-BF4B-00C04F79EFBC}") = "SeatQ.core.common", "SeatQ.core.common\SeatQ.core.common.csproj", "{C611DEB5-EAFC-4086-A1E6-28BD66A7DE64}"
EndProject
Project("{FAE04EC0-301F-11D3-BF4B-00C04F79EFBC}") = "SeatQ.core.api", "SeatQ.core.api\SeatQ.core.api.csproj", "{738E6B34-D098-4717-A7E8-CFE2BE4DE02E}"
EndProject
Project("{FAE04EC0-301F-11D3-BF4B-00C04F79EFBC}") = "userinfo.dal", "userinfo.dal\userinfo.dal.csproj", "{4BD6C1AB-866A-4D27-A90E-EF4B6A7F5657}"
EndProject
Project("{2150E333-8FDC-42A3-9474-1A3956D46DE8}") = "Solution Items", "Solution Items", "{93C975DE-7DA4-4130-A194-4AA9AAAF6A7D}"
	ProjectSection(SolutionItems) = preProject
		.editorconfig = .editorconfig
	EndProjectSection
EndProject
Project("{FAE04EC0-301F-11D3-BF4B-00C04F79EFBC}") = "QTimes", "QTimes\QTimes.csproj", "{72BE8E57-7C2C-4CF3-9FFA-00E6DF4D5A2B}"
EndProject
Project("{2150E333-8FDC-42A3-9474-1A3956D46DE8}") = "Core", "Core", "{0E41A778-89C5-4819-B62B-D6B3AB00C9B3}"
EndProject
Project("{FAE04EC0-301F-11D3-BF4B-00C04F79EFBC}") = "Authentication", "dws-core\Authentication\Authentication.csproj", "{73261392-01EC-4CF3-BC8A-8AB5A3803F6D}"
EndProject
Project("{FAE04EC0-301F-11D3-BF4B-00C04F79EFBC}") = "common.api", "dws-core\common.api\common.api.csproj", "{5209B5AC-D29F-4B8A-BD2D-D990A007916A}"
EndProject
Project("{FAE04EC0-301F-11D3-BF4B-00C04F79EFBC}") = "common.dal", "dws-core\common.dal\common.dal.csproj", "{1EC726D2-49BD-4AB2-B918-244696A2531F}"
EndProject
Project("{FAE04EC0-301F-11D3-BF4B-00C04F79EFBC}") = "Core", "dws-core\Core\Core.csproj", "{01979990-7378-457D-BDFC-779C38AC6166}"
EndProject
Project("{2150E333-8FDC-42A3-9474-1A3956D46DE8}") = ".NET Core", ".NET Core", "{5278FC4D-259D-4C27-9C5D-4271DA2A303D}"
EndProject
Project("{9A19103F-16F7-4668-BE54-9A1E7A4F7556}") = "QTimes.WebApp", "NET Core\QTimes.WebApp\QTimes.WebApp.csproj", "{24779B22-3917-41A6-8339-12826F907BE6}"
EndProject
Project("{9A19103F-16F7-4668-BE54-9A1E7A4F7556}") = "QTimes.core.common", "NET Core\QTimes.core.common\QTimes.core.common.csproj", "{864D58DF-F3C4-4F8D-AD6A-97F61B75E2B3}"
EndProject
Project("{9A19103F-16F7-4668-BE54-9A1E7A4F7556}") = "QTimes.core.dal", "NET Core\QTimes.core.dal\QTimes.core.dal.csproj", "{52CB47EA-7652-4B52-BD3A-84DAFEEC24E1}"
EndProject
Project("{9A19103F-16F7-4668-BE54-9A1E7A4F7556}") = "iVeew.core", "NET Core\iVeew.core\iVeew.core.csproj", "{244FA438-E3EE-4C01-A076-9F1A1908CFE0}"
EndProject
Project("{9A19103F-16F7-4668-BE54-9A1E7A4F7556}") = "iVeew.common.api", "NET Core\iVeew.common.api\iVeew.common.api.csproj", "{6011A835-62EC-4116-ABE2-3D0AE4E59C5E}"
EndProject
Project("{9A19103F-16F7-4668-BE54-9A1E7A4F7556}") = "iVeew.common.dal", "NET Core\iVeew.common.dal\iVeew.common.dal.csproj", "{69C0DFE5-A964-4855-AFC1-A3106D6CEF38}"
EndProject
Project("{FAE04EC0-301F-11D3-BF4B-00C04F79EFBC}") = "QTimes.api", "NET Core\QTimes.api\QTimes.api.csproj", "{77ED9F84-68ED-41E5-AD2E-23E5F1912F03}"
EndProject
Project("{2150E333-8FDC-42A3-9474-1A3956D46DE8}") = "Legacy", "Legacy", "{D00BA6A2-66D2-4913-B5E9-B91C1C916BA7}"
EndProject
Global
	GlobalSection(SolutionConfigurationPlatforms) = preSolution
		Debug|Any CPU = Debug|Any CPU
		Release|Any CPU = Release|Any CPU
	EndGlobalSection
	GlobalSection(ProjectConfigurationPlatforms) = postSolution
		{00A938DA-AF7D-4649-92AC-E089085C0C6D}.Debug|Any CPU.ActiveCfg = Debug|Any CPU
		{00A938DA-AF7D-4649-92AC-E089085C0C6D}.Debug|Any CPU.Build.0 = Debug|Any CPU
		{00A938DA-AF7D-4649-92AC-E089085C0C6D}.Release|Any CPU.ActiveCfg = Debug|Any CPU
		{00A938DA-AF7D-4649-92AC-E089085C0C6D}.Release|Any CPU.Build.0 = Debug|Any CPU
		{E7DE306E-74FD-4F3F-ABEA-60A122E53791}.Debug|Any CPU.ActiveCfg = Debug|Any CPU
		{E7DE306E-74FD-4F3F-ABEA-60A122E53791}.Debug|Any CPU.Build.0 = Debug|Any CPU
		{E7DE306E-74FD-4F3F-ABEA-60A122E53791}.Release|Any CPU.ActiveCfg = Debug|Any CPU
		{E7DE306E-74FD-4F3F-ABEA-60A122E53791}.Release|Any CPU.Build.0 = Debug|Any CPU
		{C611DEB5-EAFC-4086-A1E6-28BD66A7DE64}.Debug|Any CPU.ActiveCfg = Debug|Any CPU
		{C611DEB5-EAFC-4086-A1E6-28BD66A7DE64}.Debug|Any CPU.Build.0 = Debug|Any CPU
		{C611DEB5-EAFC-4086-A1E6-28BD66A7DE64}.Release|Any CPU.ActiveCfg = Debug|Any CPU
		{C611DEB5-EAFC-4086-A1E6-28BD66A7DE64}.Release|Any CPU.Build.0 = Debug|Any CPU
		{738E6B34-D098-4717-A7E8-CFE2BE4DE02E}.Debug|Any CPU.ActiveCfg = Debug|Any CPU
		{738E6B34-D098-4717-A7E8-CFE2BE4DE02E}.Debug|Any CPU.Build.0 = Debug|Any CPU
		{738E6B34-D098-4717-A7E8-CFE2BE4DE02E}.Release|Any CPU.ActiveCfg = Debug|Any CPU
		{738E6B34-D098-4717-A7E8-CFE2BE4DE02E}.Release|Any CPU.Build.0 = Debug|Any CPU
		{4BD6C1AB-866A-4D27-A90E-EF4B6A7F5657}.Debug|Any CPU.ActiveCfg = Debug|Any CPU
		{4BD6C1AB-866A-4D27-A90E-EF4B6A7F5657}.Debug|Any CPU.Build.0 = Debug|Any CPU
		{4BD6C1AB-866A-4D27-A90E-EF4B6A7F5657}.Release|Any CPU.ActiveCfg = Debug|Any CPU
		{4BD6C1AB-866A-4D27-A90E-EF4B6A7F5657}.Release|Any CPU.Build.0 = Debug|Any CPU
		{72BE8E57-7C2C-4CF3-9FFA-00E6DF4D5A2B}.Debug|Any CPU.ActiveCfg = Debug|Any CPU
		{72BE8E57-7C2C-4CF3-9FFA-00E6DF4D5A2B}.Debug|Any CPU.Build.0 = Debug|Any CPU
		{72BE8E57-7C2C-4CF3-9FFA-00E6DF4D5A2B}.Release|Any CPU.ActiveCfg = Release|Any CPU
		{72BE8E57-7C2C-4CF3-9FFA-00E6DF4D5A2B}.Release|Any CPU.Build.0 = Release|Any CPU
		{73261392-01EC-4CF3-BC8A-8AB5A3803F6D}.Debug|Any CPU.ActiveCfg = Debug|Any CPU
		{73261392-01EC-4CF3-BC8A-8AB5A3803F6D}.Debug|Any CPU.Build.0 = Debug|Any CPU
		{73261392-01EC-4CF3-BC8A-8AB5A3803F6D}.Release|Any CPU.ActiveCfg = Release|Any CPU
		{73261392-01EC-4CF3-BC8A-8AB5A3803F6D}.Release|Any CPU.Build.0 = Release|Any CPU
		{5209B5AC-D29F-4B8A-BD2D-D990A007916A}.Debug|Any CPU.ActiveCfg = Debug|Any CPU
		{5209B5AC-D29F-4B8A-BD2D-D990A007916A}.Debug|Any CPU.Build.0 = Debug|Any CPU
		{5209B5AC-D29F-4B8A-BD2D-D990A007916A}.Release|Any CPU.ActiveCfg = Release|Any CPU
		{5209B5AC-D29F-4B8A-BD2D-D990A007916A}.Release|Any CPU.Build.0 = Release|Any CPU
		{1EC726D2-49BD-4AB2-B918-244696A2531F}.Debug|Any CPU.ActiveCfg = Debug|Any CPU
		{1EC726D2-49BD-4AB2-B918-244696A2531F}.Debug|Any CPU.Build.0 = Debug|Any CPU
		{1EC726D2-49BD-4AB2-B918-244696A2531F}.Release|Any CPU.ActiveCfg = Release|Any CPU
		{1EC726D2-49BD-4AB2-B918-244696A2531F}.Release|Any CPU.Build.0 = Release|Any CPU
		{01979990-7378-457D-BDFC-779C38AC6166}.Debug|Any CPU.ActiveCfg = Debug|Any CPU
		{01979990-7378-457D-BDFC-779C38AC6166}.Debug|Any CPU.Build.0 = Debug|Any CPU
		{01979990-7378-457D-BDFC-779C38AC6166}.Release|Any CPU.ActiveCfg = Release|Any CPU
		{01979990-7378-457D-BDFC-779C38AC6166}.Release|Any CPU.Build.0 = Release|Any CPU
		{24779B22-3917-41A6-8339-12826F907BE6}.Debug|Any CPU.ActiveCfg = Debug|Any CPU
		{24779B22-3917-41A6-8339-12826F907BE6}.Debug|Any CPU.Build.0 = Debug|Any CPU
		{24779B22-3917-41A6-8339-12826F907BE6}.Release|Any CPU.ActiveCfg = Release|Any CPU
		{24779B22-3917-41A6-8339-12826F907BE6}.Release|Any CPU.Build.0 = Release|Any CPU
		{864D58DF-F3C4-4F8D-AD6A-97F61B75E2B3}.Debug|Any CPU.ActiveCfg = Debug|Any CPU
		{864D58DF-F3C4-4F8D-AD6A-97F61B75E2B3}.Debug|Any CPU.Build.0 = Debug|Any CPU
		{864D58DF-F3C4-4F8D-AD6A-97F61B75E2B3}.Release|Any CPU.ActiveCfg = Release|Any CPU
		{864D58DF-F3C4-4F8D-AD6A-97F61B75E2B3}.Release|Any CPU.Build.0 = Release|Any CPU
		{52CB47EA-7652-4B52-BD3A-84DAFEEC24E1}.Debug|Any CPU.ActiveCfg = Debug|Any CPU
		{52CB47EA-7652-4B52-BD3A-84DAFEEC24E1}.Debug|Any CPU.Build.0 = Debug|Any CPU
		{52CB47EA-7652-4B52-BD3A-84DAFEEC24E1}.Release|Any CPU.ActiveCfg = Release|Any CPU
		{52CB47EA-7652-4B52-BD3A-84DAFEEC24E1}.Release|Any CPU.Build.0 = Release|Any CPU
		{244FA438-E3EE-4C01-A076-9F1A1908CFE0}.Debug|Any CPU.ActiveCfg = Debug|Any CPU
		{244FA438-E3EE-4C01-A076-9F1A1908CFE0}.Debug|Any CPU.Build.0 = Debug|Any CPU
		{244FA438-E3EE-4C01-A076-9F1A1908CFE0}.Release|Any CPU.ActiveCfg = Release|Any CPU
		{244FA438-E3EE-4C01-A076-9F1A1908CFE0}.Release|Any CPU.Build.0 = Release|Any CPU
		{6011A835-62EC-4116-ABE2-3D0AE4E59C5E}.Debug|Any CPU.ActiveCfg = Debug|Any CPU
		{6011A835-62EC-4116-ABE2-3D0AE4E59C5E}.Debug|Any CPU.Build.0 = Debug|Any CPU
		{6011A835-62EC-4116-ABE2-3D0AE4E59C5E}.Release|Any CPU.ActiveCfg = Release|Any CPU
		{6011A835-62EC-4116-ABE2-3D0AE4E59C5E}.Release|Any CPU.Build.0 = Release|Any CPU
		{69C0DFE5-A964-4855-AFC1-A3106D6CEF38}.Debug|Any CPU.ActiveCfg = Debug|Any CPU
		{69C0DFE5-A964-4855-AFC1-A3106D6CEF38}.Debug|Any CPU.Build.0 = Debug|Any CPU
		{69C0DFE5-A964-4855-AFC1-A3106D6CEF38}.Release|Any CPU.ActiveCfg = Release|Any CPU
		{69C0DFE5-A964-4855-AFC1-A3106D6CEF38}.Release|Any CPU.Build.0 = Release|Any CPU
		{77ED9F84-68ED-41E5-AD2E-23E5F1912F03}.Debug|Any CPU.ActiveCfg = Debug|Any CPU
		{77ED9F84-68ED-41E5-AD2E-23E5F1912F03}.Debug|Any CPU.Build.0 = Debug|Any CPU
		{77ED9F84-68ED-41E5-AD2E-23E5F1912F03}.Release|Any CPU.ActiveCfg = Release|Any CPU
		{77ED9F84-68ED-41E5-AD2E-23E5F1912F03}.Release|Any CPU.Build.0 = Release|Any CPU
	EndGlobalSection
	GlobalSection(SolutionProperties) = preSolution
		HideSolutionNode = FALSE
	EndGlobalSection
	GlobalSection(NestedProjects) = preSolution
		{73261392-01EC-4CF3-BC8A-8AB5A3803F6D} = {0E41A778-89C5-4819-B62B-D6B3AB00C9B3}
		{5209B5AC-D29F-4B8A-BD2D-D990A007916A} = {0E41A778-89C5-4819-B62B-D6B3AB00C9B3}
		{1EC726D2-49BD-4AB2-B918-244696A2531F} = {0E41A778-89C5-4819-B62B-D6B3AB00C9B3}
		{01979990-7378-457D-BDFC-779C38AC6166} = {0E41A778-89C5-4819-B62B-D6B3AB00C9B3}
		{24779B22-3917-41A6-8339-12826F907BE6} = {5278FC4D-259D-4C27-9C5D-4271DA2A303D}
		{864D58DF-F3C4-4F8D-AD6A-97F61B75E2B3} = {5278FC4D-259D-4C27-9C5D-4271DA2A303D}
		{52CB47EA-7652-4B52-BD3A-84DAFEEC24E1} = {5278FC4D-259D-4C27-9C5D-4271DA2A303D}
		{244FA438-E3EE-4C01-A076-9F1A1908CFE0} = {5278FC4D-259D-4C27-9C5D-4271DA2A303D}
		{6011A835-62EC-4116-ABE2-3D0AE4E59C5E} = {5278FC4D-259D-4C27-9C5D-4271DA2A303D}
		{69C0DFE5-A964-4855-AFC1-A3106D6CEF38} = {5278FC4D-259D-4C27-9C5D-4271DA2A303D}
		{77ED9F84-68ED-41E5-AD2E-23E5F1912F03} = {5278FC4D-259D-4C27-9C5D-4271DA2A303D}
		{72BE8E57-7C2C-4CF3-9FFA-00E6DF4D5A2B} = {D00BA6A2-66D2-4913-B5E9-B91C1C916BA7}
		{00A938DA-AF7D-4649-92AC-E089085C0C6D} = {D00BA6A2-66D2-4913-B5E9-B91C1C916BA7}
		{738E6B34-D098-4717-A7E8-CFE2BE4DE02E} = {D00BA6A2-66D2-4913-B5E9-B91C1C916BA7}
		{C611DEB5-EAFC-4086-A1E6-28BD66A7DE64} = {D00BA6A2-66D2-4913-B5E9-B91C1C916BA7}
		{E7DE306E-74FD-4F3F-ABEA-60A122E53791} = {D00BA6A2-66D2-4913-B5E9-B91C1C916BA7}
		{4BD6C1AB-866A-4D27-A90E-EF4B6A7F5657} = {D00BA6A2-66D2-4913-B5E9-B91C1C916BA7}
		{0E41A778-89C5-4819-B62B-D6B3AB00C9B3} = {D00BA6A2-66D2-4913-B5E9-B91C1C916BA7}
	EndGlobalSection
	GlobalSection(ExtensibilityGlobals) = postSolution
		SolutionGuid = {C73AC9C6-F6F2-425F-A9FF-B3C875C2283F}
	EndGlobalSection
EndGlobal
