
Microsoft Visual Studio Solution File, Format Version 12.00
# Visual Studio 15
Project("{FAE04EC0-301F-11D3-BF4B-00C04F79EFBC}") = "QTimes", "QTimes.csproj", "{D5EF8C04-4132-4372-9F2C-E9F77FD53BF8}"
EndProject
Global
	GlobalSection(SolutionConfigurationPlatforms) = preSolution
		Debug|Any CPU = Debug|Any CPU
		Release|Any CPU = Release|Any CPU
	EndGlobalSection
	GlobalSection(ProjectConfigurationPlatforms) = postSolution
		{D5EF8C04-4132-4372-9F2C-E9F77FD53BF8}.Debug|Any CPU.ActiveCfg = Debug|Any CPU
		{D5EF8C04-4132-4372-9F2C-E9F77FD53BF8}.Debug|Any CPU.Build.0 = Debug|Any CPU
		{D5EF8C04-4132-4372-9F2C-E9F77FD53BF8}.Release|Any CPU.ActiveCfg = Release|Any CPU
		{D5EF8C04-4132-4372-9F2C-E9F77FD53BF8}.Release|Any CPU.Build.0 = Release|Any CPU
	EndGlobalSection
EndGlobal
